{
  "name": "express-budget-deliverable",
  "version": "1.0.0",
  "lockfileVersion": 2,
  "requires": true,
  "packages": {
    "": {
      "name": "express-budget-deliverable",
      "version": "1.0.0",
      "license": "ISC",
      "dependencies": {
        "liquid": "^5.1.1",
        "liquid-express-views": "^1.0.8"
      }
    },
    "node_modules/liquid": {
      "version": "5.1.1",
      "resolved": "https://registry.npmjs.org/liquid/-/liquid-5.1.1.tgz",
      "integrity": "sha512-GbZhB1kgcDR1NE1FXEGtcK1EjMUXe2+ENgRecjs5V3ksZUjzZdC3leff/FoL4E02/9Y9tdoHY1zJ2QMwb5kuuw==",
      "dependencies": {
        "strftime": "~0.9.2"
      },
      "engines": {
        "node": ">=8"
      }
    },
    "node_modules/liquid-express-views": {
      "version": "1.0.8",
      "resolved": "https://registry.npmjs.org/liquid-express-views/-/liquid-express-views-1.0.8.tgz",
      "integrity": "sha512-NMQcvACh7gFZWftmqTUDgkdUkY4z/tfP+L1VFKPa7w/4nEVwaltSLDCccUlF03SUzR804pQc4X2wcfPqmm9DpQ==",
      "dependencies": {
        "liquidjs": "^9.28.0"
      }
    },
    "node_modules/liquidjs": {
      "version": "9.37.0",
      "resolved": "https://registry.npmjs.org/liquidjs/-/liquidjs-9.37.0.tgz",
      "integrity": "sha512-qDj9iiNdB+QNZTR4iKjiQzoHQma7V8Itx5oZG/ZCP7xjebh1LI+s5IG2ZYUbs1ALO6hBzmW36Ptd8RR4eohuDA==",
      "bin": {
        "liquid": "bin/liquid.js",
        "liquidjs": "bin/liquid.js"
      },
      "engines": {
        "node": ">=4.8.7"
      },
      "funding": {
        "type": "opencollective",
        "url": "https://opencollective.com/liquidjs"
      }
    },
    "node_modules/strftime": {
      "version": "0.9.2",
      "resolved": "https://registry.npmjs.org/strftime/-/strftime-0.9.2.tgz",
      "integrity": "sha1-vMooYfKUVtNyqvaheBHIvG859YM=",
      "engines": {
        "node": ">=0.2.0"
      }
    }
  },
  "dependencies": {
    "liquid": {
      "version": "5.1.1",
      "resolved": "https://registry.npmjs.org/liquid/-/liquid-5.1.1.tgz",
      "integrity": "sha512-GbZhB1kgcDR1NE1FXEGtcK1EjMUXe2+ENgRecjs5V3ksZUjzZdC3leff/FoL4E02/9Y9tdoHY1zJ2QMwb5kuuw==",
      "requires": {
        "strftime": "~0.9.2"
      }
    },
    "liquid-express-views": {
      "version": "1.0.8",
      "resolved": "https://registry.npmjs.org/liquid-express-views/-/liquid-express-views-1.0.8.tgz",
      "integrity": "sha512-NMQcvACh7gFZWftmqTUDgkdUkY4z/tfP+L1VFKPa7w/4nEVwaltSLDCccUlF03SUzR804pQc4X2wcfPqmm9DpQ==",
      "requires": {
        "liquidjs": "^9.28.0"
      }
    },
    "liquidjs": {
      "version": "9.37.0",
      "resolved": "https://registry.npmjs.org/liquidjs/-/liquidjs-9.37.0.tgz",
      "integrity": "sha512-qDj9iiNdB+QNZTR4iKjiQzoHQma7V8Itx5oZG/ZCP7xjebh1LI+s5IG2ZYUbs1ALO6hBzmW36Ptd8RR4eohuDA=="
    },
    "strftime": {
      "version": "0.9.2",
      "resolved": "https://registry.npmjs.org/strftime/-/strftime-0.9.2.tgz",
      "integrity": "sha1-vMooYfKUVtNyqvaheBHIvG859YM="
    }
  }
}
